
Microsoft Visual Studio Solution File, Format Version 12.00
# Visual Studio Version 17
VisualStudioVersion = 17.14.37012.4 d17.14
MinimumVisualStudioVersion = 10.0.40219.1
Project("{FAE04EC0-301F-11D3-BF4B-00C04F79EFBC}") = "Aula27", "Aula27.csproj", "{1F153C3C-1C7B-44FB-962A-132B67338102}"
EndProject
Global
	GlobalSection(SolutionConfigurationPlatforms) = preSolution
		Debug|Any CPU = Debug|Any CPU
		Release|Any CPU = Release|Any CPU
	EndGlobalSection
	GlobalSection(ProjectConfigurationPlatforms) = postSolution
		{1F153C3C-1C7B-44FB-962A-132B67338102}.Debug|Any CPU.ActiveCfg = Debug|Any CPU
		{1F153C3C-1C7B-44FB-962A-132B67338102}.Debug|Any CPU.Build.0 = Debug|Any CPU
		{1F153C3C-1C7B-44FB-962A-132B67338102}.Release|Any CPU.ActiveCfg = Release|Any CPU
		{1F153C3C-1C7B-44FB-962A-132B67338102}.Release|Any CPU.Build.0 = Release|Any CPU
	EndGlobalSection
	GlobalSection(SolutionProperties) = preSolution
		HideSolutionNode = FALSE
	EndGlobalSection
	GlobalSection(ExtensibilityGlobals) = postSolution
		SolutionGuid = {B8D75AA2-9B85-477C-8600-B36BEDB759C4}
	EndGlobalSection
EndGlobal
